
Microsoft Visual Studio Solution File, Format Version 12.00
# Visual Studio Version 17
VisualStudioVersion = 17.5.33530.505
MinimumVisualStudioVersion = 10.0.40219.1
Project("{9A19103F-16F7-4668-BE54-9A1E7A4F7556}") = "Music2", "Music2\Music2.csproj", "{694240F2-80F2-4D0E-BDBC-0C28286B7AB4}"
EndProject
Global
	GlobalSection(SolutionConfigurationPlatforms) = preSolution
		Debug|Any CPU = Debug|Any CPU
		Release|Any CPU = Release|Any CPU
	EndGlobalSection
	GlobalSection(ProjectConfigurationPlatforms) = postSolution
		{694240F2-80F2-4D0E-BDBC-0C28286B7AB4}.Debug|Any CPU.ActiveCfg = Debug|Any CPU
		{694240F2-80F2-4D0E-BDBC-0C28286B7AB4}.Debug|Any CPU.Build.0 = Debug|Any CPU
		{694240F2-80F2-4D0E-BDBC-0C28286B7AB4}.Release|Any CPU.ActiveCfg = Release|Any CPU
		{694240F2-80F2-4D0E-BDBC-0C28286B7AB4}.Release|Any CPU.Build.0 = Release|Any CPU
	EndGlobalSection
	GlobalSection(SolutionProperties) = preSolution
		HideSolutionNode = FALSE
	EndGlobalSection
	GlobalSection(ExtensibilityGlobals) = postSolution
		SolutionGuid = {5F39F73B-7805-4119-AF75-38169C582556}
	EndGlobalSection
EndGlobal
